
Microsoft Visual Studio Solution File, Format Version 12.00
# Visual Studio Version 16
VisualStudioVersion = 16.0.30225.117
MinimumVisualStudioVersion = 10.0.40219.1
Project("{FAE04EC0-301F-11D3-BF4B-00C04F79EFBC}") = "Co.ParqueDasArvores", "Co.ParqueDasArvores.csproj", "{EB99AD7D-684C-48DD-81E0-E69BF89CF324}"
EndProject
Global
	GlobalSection(SolutionConfigurationPlatforms) = preSolution
		Debug|Any CPU = Debug|Any CPU
		Release|Any CPU = Release|Any CPU
	EndGlobalSection
	GlobalSection(ProjectConfigurationPlatforms) = postSolution
		{EB99AD7D-684C-48DD-81E0-E69BF89CF324}.Debug|Any CPU.ActiveCfg = Debug|Any CPU
		{EB99AD7D-684C-48DD-81E0-E69BF89CF324}.Debug|Any CPU.Build.0 = Debug|Any CPU
		{EB99AD7D-684C-48DD-81E0-E69BF89CF324}.Release|Any CPU.ActiveCfg = Release|Any CPU
		{EB99AD7D-684C-48DD-81E0-E69BF89CF324}.Release|Any CPU.Build.0 = Release|Any CPU
	EndGlobalSection
	GlobalSection(SolutionProperties) = preSolution
		HideSolutionNode = FALSE
	EndGlobalSection
	GlobalSection(ExtensibilityGlobals) = postSolution
		SolutionGuid = {95E834F2-79BA-4E36-815F-AA356A597B60}
	EndGlobalSection
EndGlobal
